{
  "name": "overzicht",
  "version": "1.0.0",
  "lockfileVersion": 1,
  "requires": true,
  "dependencies": {
    "bespoke-classes": {
      "version": "1.0.0",
      "resolved": "https://registry.npmjs.org/bespoke-classes/-/bespoke-classes-1.0.0.tgz",
      "integrity": "sha1-1hxArkjdCCX5cE0BDX6luzrREhg="
    },
    "bespoke-simple-overview": {
      "version": "1.0.0",
      "resolved": "https://registry.npmjs.org/bespoke-simple-overview/-/bespoke-simple-overview-1.0.0.tgz",
      "integrity": "sha1-jcg5TtEAIjKIUxcI2iy6vwJScRo=",
      "requires": {
        "bespoke-classes": "^1.0.0",
        "insert-css": "^0.2.0"
      }
    },
    "insert-css": {
      "version": "0.2.0",
      "resolved": "https://registry.npmjs.org/insert-css/-/insert-css-0.2.0.tgz",
      "integrity": "sha1-0VeJlxZi2YmcKJd/tiINU4HSRRo="
    }
  }
}
